// !$*UTF8*$!
{
	archiveVersion = 1;
	classes = {
	};
	objectVersion = 46;
	objects = {

/* Begin PBXBuildFile section */
		511FC0A043BD48833A3F51C1 /* libPods-ReverseAuth.a in Frameworks */ = {isa = PBXBuildFile; fileRef = 96DEFE17C86BA489D644759A /* libPods-ReverseAuth.a */; };
		CD3557481610E7290004F744 /* Accounts.framework in Frameworks */ = {isa = PBXBuildFile; fileRef = CDF37997142293220071ABF7 /* Accounts.framework */; };
		CDAACA6B1610E55A006E4808 /* UIKit.framework in Frameworks */ = {isa = PBXBuildFile; fileRef = CDF37960142291940071ABF7 /* UIKit.framework */; };
		CDAACA6C1610E55A006E4808 /* Foundation.framework in Frameworks */ = {isa = PBXBuildFile; fileRef = CDF37962142291940071ABF7 /* Foundation.framework */; };
		CDAACA6E1610E55A006E4808 /* CoreGraphics.framework in Frameworks */ = {isa = PBXBuildFile; fileRef = CDAACA6D1610E55A006E4808 /* CoreGraphics.framework */; };
		CDAACAA31610E5D9006E4808 /* TWTAPIManager.m in Sources */ = {isa = PBXBuildFile; fileRef = CD40A1FF1610E3060051AE3D /* TWTAPIManager.m */; };
		CDAACAA51610E5D9006E4808 /* TWTAppDelegate.m in Sources */ = {isa = PBXBuildFile; fileRef = CD40A2011610E3060051AE3D /* TWTAppDelegate.m */; };
		CDAACAA71610E5D9006E4808 /* TWTSignedRequest.m in Sources */ = {isa = PBXBuildFile; fileRef = CD40A2031610E3060051AE3D /* TWTSignedRequest.m */; settings = {COMPILER_FLAGS = "-D'TWITTER_CONSUMER_KEY=@\"$(TWITTER_CONSUMER_KEY)\"' -D'TWITTER_CONSUMER_SECRET=@\"$(TWITTER_CONSUMER_SECRET)\"'"; }; };
		CDAACAA91610E5D9006E4808 /* TWTViewController.m in Sources */ = {isa = PBXBuildFile; fileRef = CD40A2051610E3060051AE3D /* TWTViewController.m */; };
		CDAACAAA1610E5D9006E4808 /* main.m in Sources */ = {isa = PBXBuildFile; fileRef = CD40A2091610E3060051AE3D /* main.m */; };
		CDAACAB11610E5F6006E4808 /* Social.framework in Frameworks */ = {isa = PBXBuildFile; fileRef = CDF53BCA160BC8C500AD69A6 /* Social.framework */; settings = {ATTRIBUTES = (Weak, ); }; };
		CDAACAB81610E606006E4808 /* twitter.png in Resources */ = {isa = PBXBuildFile; fileRef = CD40A1EF1610E0DC0051AE3D /* twitter.png */; };
		CDC57C191A6D689300818A34 /* Images.xcassets in Resources */ = {isa = PBXBuildFile; fileRef = CDC57C181A6D689300818A34 /* Images.xcassets */; };
/* End PBXBuildFile section */

/* Begin PBXFileReference section */
		59AFDC2415CE3DDC5722C617 /* Pods-ReverseAuth.release.xcconfig */ = {isa = PBXFileReference; includeInIndex = 1; lastKnownFileType = text.xcconfig; name = "Pods-ReverseAuth.release.xcconfig"; path = "Pods/Target Support Files/Pods-ReverseAuth/Pods-ReverseAuth.release.xcconfig"; sourceTree = "<group>"; };
		96DEFE17C86BA489D644759A /* libPods-ReverseAuth.a */ = {isa = PBXFileReference; explicitFileType = archive.ar; includeInIndex = 0; path = "libPods-ReverseAuth.a"; sourceTree = BUILT_PRODUCTS_DIR; };
		B8D9DD4CC0B532E697A51B7C /* Pods-ReverseAuth.debug.xcconfig */ = {isa = PBXFileReference; includeInIndex = 1; lastKnownFileType = text.xcconfig; name = "Pods-ReverseAuth.debug.xcconfig"; path = "Pods/Target Support Files/Pods-ReverseAuth/Pods-ReverseAuth.debug.xcconfig"; sourceTree = "<group>"; };
		CD14C12214B3A92B00B8A188 /* README.md */ = {isa = PBXFileReference; fileEncoding = 4; lastKnownFileType = text; lineEnding = 0; path = README.md; sourceTree = "<group>"; xcLanguageSpecificationIdentifier = xcode.lang.markdown; };
		CD21A6191610E4EA002E73B7 /* ReverseAuthExample-Info.plist */ = {isa = PBXFileReference; fileEncoding = 4; lastKnownFileType = text.plist.xml; path = "ReverseAuthExample-Info.plist"; sourceTree = "<group>"; };
		CD21A61A1610E4EA002E73B7 /* ReverseAuthExample-Prefix.pch */ = {isa = PBXFileReference; fileEncoding = 4; lastKnownFileType = sourcecode.c.h; path = "ReverseAuthExample-Prefix.pch"; sourceTree = "<group>"; };
		CD40A1EF1610E0DC0051AE3D /* twitter.png */ = {isa = PBXFileReference; lastKnownFileType = image.png; path = twitter.png; sourceTree = "<group>"; };
		CD40A1FE1610E3060051AE3D /* TWTAPIManager.h */ = {isa = PBXFileReference; fileEncoding = 4; lastKnownFileType = sourcecode.c.h; lineEnding = 0; path = TWTAPIManager.h; sourceTree = "<group>"; xcLanguageSpecificationIdentifier = xcode.lang.objcpp; };
		CD40A1FF1610E3060051AE3D /* TWTAPIManager.m */ = {isa = PBXFileReference; fileEncoding = 4; lastKnownFileType = sourcecode.c.objc; lineEnding = 0; path = TWTAPIManager.m; sourceTree = "<group>"; xcLanguageSpecificationIdentifier = xcode.lang.objc; };
		CD40A2001610E3060051AE3D /* TWTAppDelegate.h */ = {isa = PBXFileReference; fileEncoding = 4; lastKnownFileType = sourcecode.c.h; lineEnding = 0; path = TWTAppDelegate.h; sourceTree = "<group>"; xcLanguageSpecificationIdentifier = xcode.lang.objcpp; };
		CD40A2011610E3060051AE3D /* TWTAppDelegate.m */ = {isa = PBXFileReference; fileEncoding = 4; lastKnownFileType = sourcecode.c.objc; lineEnding = 0; path = TWTAppDelegate.m; sourceTree = "<group>"; xcLanguageSpecificationIdentifier = xcode.lang.objc; };
		CD40A2021610E3060051AE3D /* TWTSignedRequest.h */ = {isa = PBXFileReference; fileEncoding = 4; lastKnownFileType = sourcecode.c.h; lineEnding = 0; path = TWTSignedRequest.h; sourceTree = "<group>"; xcLanguageSpecificationIdentifier = xcode.lang.objcpp; };
		CD40A2031610E3060051AE3D /* TWTSignedRequest.m */ = {isa = PBXFileReference; fileEncoding = 4; lastKnownFileType = sourcecode.c.objc; lineEnding = 0; path = TWTSignedRequest.m; sourceTree = "<group>"; xcLanguageSpecificationIdentifier = xcode.lang.objc; };
		CD40A2041610E3060051AE3D /* TWTViewController.h */ = {isa = PBXFileReference; fileEncoding = 4; lastKnownFileType = sourcecode.c.h; lineEnding = 0; path = TWTViewController.h; sourceTree = "<group>"; xcLanguageSpecificationIdentifier = xcode.lang.objcpp; };
		CD40A2051610E3060051AE3D /* TWTViewController.m */ = {isa = PBXFileReference; fileEncoding = 4; lastKnownFileType = sourcecode.c.objc; lineEnding = 0; path = TWTViewController.m; sourceTree = "<group>"; xcLanguageSpecificationIdentifier = xcode.lang.objc; };
		CD40A2081610E3060051AE3D /* en */ = {isa = PBXFileReference; lastKnownFileType = text.plist.strings; name = en; path = en.lproj/InfoPlist.strings; sourceTree = "<group>"; };
		CD40A2091610E3060051AE3D /* main.m */ = {isa = PBXFileReference; fileEncoding = 4; lastKnownFileType = sourcecode.c.objc; lineEnding = 0; path = main.m; sourceTree = "<group>"; xcLanguageSpecificationIdentifier = xcode.lang.objc; };
		CDAACA691610E55A006E4808 /* ReverseAuth.app */ = {isa = PBXFileReference; explicitFileType = wrapper.application; includeInIndex = 0; path = ReverseAuth.app; sourceTree = BUILT_PRODUCTS_DIR; };
		CDAACA6D1610E55A006E4808 /* CoreGraphics.framework */ = {isa = PBXFileReference; lastKnownFileType = wrapper.framework; name = CoreGraphics.framework; path = System/Library/Frameworks/CoreGraphics.framework; sourceTree = SDKROOT; };
		CDC57C181A6D689300818A34 /* Images.xcassets */ = {isa = PBXFileReference; lastKnownFileType = folder.assetcatalog; name = Images.xcassets; path = ReverseAuthSampleApp/Images.xcassets; sourceTree = SOURCE_ROOT; };
		CDF37960142291940071ABF7 /* UIKit.framework */ = {isa = PBXFileReference; lastKnownFileType = wrapper.framework; name = UIKit.framework; path = System/Library/Frameworks/UIKit.framework; sourceTree = SDKROOT; };
		CDF37962142291940071ABF7 /* Foundation.framework */ = {isa = PBXFileReference; lastKnownFileType = wrapper.framework; name = Foundation.framework; path = System/Library/Frameworks/Foundation.framework; sourceTree = SDKROOT; };
		CDF379951422931E0071ABF7 /* Twitter.framework */ = {isa = PBXFileReference; lastKnownFileType = wrapper.framework; name = Twitter.framework; path = System/Library/Frameworks/Twitter.framework; sourceTree = SDKROOT; };
		CDF37997142293220071ABF7 /* Accounts.framework */ = {isa = PBXFileReference; lastKnownFileType = wrapper.framework; name = Accounts.framework; path = System/Library/Frameworks/Accounts.framework; sourceTree = SDKROOT; };
		CDF53BCA160BC8C500AD69A6 /* Social.framework */ = {isa = PBXFileReference; lastKnownFileType = wrapper.framework; name = Social.framework; path = System/Library/Frameworks/Social.framework; sourceTree = SDKROOT; };
/* End PBXFileReference section */

/* Begin PBXFrameworksBuildPhase section */
		CDAACA661610E55A006E4808 /* Frameworks */ = {
			isa = PBXFrameworksBuildPhase;
			buildActionMask = 2147483647;
			files = (
				CD3557481610E7290004F744 /* Accounts.framework in Frameworks */,
				CDAACAB11610E5F6006E4808 /* Social.framework in Frameworks */,
				CDAACA6B1610E55A006E4808 /* UIKit.framework in Frameworks */,
				CDAACA6C1610E55A006E4808 /* Foundation.framework in Frameworks */,
				CDAACA6E1610E55A006E4808 /* CoreGraphics.framework in Frameworks */,
				511FC0A043BD48833A3F51C1 /* libPods-ReverseAuth.a in Frameworks */,
			);
			runOnlyForDeploymentPostprocessing = 0;
		};
/* End PBXFrameworksBuildPhase section */

/* Begin PBXGroup section */
		9CA993A7B67B68B7C0D58D27 /* Pods */ = {
			isa = PBXGroup;
			children = (
				B8D9DD4CC0B532E697A51B7C /* Pods-ReverseAuth.debug.xcconfig */,
				59AFDC2415CE3DDC5722C617 /* Pods-ReverseAuth.release.xcconfig */,
			);
			name = Pods;
			sourceTree = "<group>";
		};
		CD40A1E91610E0DC0051AE3D /* Resources */ = {
			isa = PBXGroup;
			children = (
				CDC57C181A6D689300818A34 /* Images.xcassets */,
				CD40A1EF1610E0DC0051AE3D /* twitter.png */,
			);
			path = Resources;
			sourceTree = "<group>";
		};
		CD40A1FC1610E3060051AE3D /* Source */ = {
			isa = PBXGroup;
			children = (
				CD40A1FD1610E3060051AE3D /* Classes */,
				CD40A2061610E3060051AE3D /* Other */,
				CD40A20C1610E3060051AE3D /* Vendor */,
			);
			path = Source;
			sourceTree = "<group>";
		};
		CD40A1FD1610E3060051AE3D /* Classes */ = {
			isa = PBXGroup;
			children = (
				CD40A1FE1610E3060051AE3D /* TWTAPIManager.h */,
				CD40A1FF1610E3060051AE3D /* TWTAPIManager.m */,
				CD40A2001610E3060051AE3D /* TWTAppDelegate.h */,
				CD40A2011610E3060051AE3D /* TWTAppDelegate.m */,
				CD40A2021610E3060051AE3D /* TWTSignedRequest.h */,
				CD40A2031610E3060051AE3D /* TWTSignedRequest.m */,
				CD40A2041610E3060051AE3D /* TWTViewController.h */,
				CD40A2051610E3060051AE3D /* TWTViewController.m */,
			);
			path = Classes;
			sourceTree = "<group>";
		};
		CD40A2061610E3060051AE3D /* Other */ = {
			isa = PBXGroup;
			children = (
				CD21A6191610E4EA002E73B7 /* ReverseAuthExample-Info.plist */,
				CD21A61A1610E4EA002E73B7 /* ReverseAuthExample-Prefix.pch */,
				CD40A2071610E3060051AE3D /* InfoPlist.strings */,
				CD40A2091610E3060051AE3D /* main.m */,
			);
			path = Other;
			sourceTree = "<group>";
		};
		CD40A20C1610E3060051AE3D /* Vendor */ = {
			isa = PBXGroup;
			children = (
			);
			path = Vendor;
			sourceTree = "<group>";
		};
		CDF37951142291940071ABF7 = {
			isa = PBXGroup;
			children = (
				CD14C12214B3A92B00B8A188 /* README.md */,
				CD40A1FC1610E3060051AE3D /* Source */,
				CD40A1E91610E0DC0051AE3D /* Resources */,
				CDF3795D142291940071ABF7 /* Products */,
				CDF3795F142291940071ABF7 /* Frameworks */,
				9CA993A7B67B68B7C0D58D27 /* Pods */,
			);
			sourceTree = "<group>";
		};
		CDF3795D142291940071ABF7 /* Products */ = {
			isa = PBXGroup;
			children = (
				CDAACA691610E55A006E4808 /* ReverseAuth.app */,
			);
			name = Products;
			sourceTree = "<group>";
		};
		CDF3795F142291940071ABF7 /* Frameworks */ = {
			isa = PBXGroup;
			children = (
				CDF53BCA160BC8C500AD69A6 /* Social.framework */,
				CDF37997142293220071ABF7 /* Accounts.framework */,
				CDF379951422931E0071ABF7 /* Twitter.framework */,
				CDF37960142291940071ABF7 /* UIKit.framework */,
				CDF37962142291940071ABF7 /* Foundation.framework */,
				CDAACA6D1610E55A006E4808 /* CoreGraphics.framework */,
				96DEFE17C86BA489D644759A /* libPods-ReverseAuth.a */,
			);
			name = Frameworks;
			sourceTree = "<group>";
		};
/* End PBXGroup section */

/* Begin PBXNativeTarget section */
		CDAACA681610E55A006E4808 /* ReverseAuth */ = {
			isa = PBXNativeTarget;
			buildConfigurationList = CDAACA9C1610E55A006E4808 /* Build configuration list for PBXNativeTarget "ReverseAuth" */;
			buildPhases = (
				9EC108018E948932077C3476 /* Check Pods Manifest.lock */,
				CDAACA651610E55A006E4808 /* Sources */,
				CDAACA661610E55A006E4808 /* Frameworks */,
				CDAACA671610E55A006E4808 /* Resources */,
				15BF5262A70A172F5AE9EFFB /* Copy Pods Resources */,
			);
			buildRules = (
			);
			dependencies = (
			);
			name = ReverseAuth;
			productName = ReverseAuth;
			productReference = CDAACA691610E55A006E4808 /* ReverseAuth.app */;
			productType = "com.apple.product-type.application";
		};
/* End PBXNativeTarget section */

/* Begin PBXProject section */
		CDF37953142291940071ABF7 /* Project object */ = {
			isa = PBXProject;
			attributes = {
				LastUpgradeCheck = 0700;
				ORGANIZATIONNAME = "";
			};
			buildConfigurationList = CDF37956142291940071ABF7 /* Build configuration list for PBXProject "ReverseAuthExample" */;
			compatibilityVersion = "Xcode 3.2";
			developmentRegion = English;
			hasScannedForEncodings = 0;
			knownRegions = (
				en,
			);
			mainGroup = CDF37951142291940071ABF7;
			productRefGroup = CDF3795D142291940071ABF7 /* Products */;
			projectDirPath = "";
			projectRoot = "";
			targets = (
				CDAACA681610E55A006E4808 /* ReverseAuth */,
			);
		};
/* End PBXProject section */

/* Begin PBXResourcesBuildPhase section */
		CDAACA671610E55A006E4808 /* Resources */ = {
			isa = PBXResourcesBuildPhase;
			buildActionMask = 2147483647;
			files = (
				CDC57C191A6D689300818A34 /* Images.xcassets in Resources */,
				CDAACAB81610E606006E4808 /* twitter.png in Resources */,
			);
			runOnlyForDeploymentPostprocessing = 0;
		};
/* End PBXResourcesBuildPhase section */

/* Begin PBXShellScriptBuildPhase section */
		15BF5262A70A172F5AE9EFFB /* Copy Pods Resources */ = {
			isa = PBXShellScriptBuildPhase;
			buildActionMask = 2147483647;
			files = (
			);
			inputPaths = (
			);
			name = "Copy Pods Resources";
			outputPaths = (
			);
			runOnlyForDeploymentPostprocessing = 0;
			shellPath = /bin/sh;
			shellScript = "\"${SRCROOT}/Pods/Target Support Files/Pods-ReverseAuth/Pods-ReverseAuth-resources.sh\"\n";
			showEnvVarsInLog = 0;
		};
		9EC108018E948932077C3476 /* Check Pods Manifest.lock */ = {
			isa = PBXShellScriptBuildPhase;
			buildActionMask = 2147483647;
			files = (
			);
			inputPaths = (
			);
			name = "Check Pods Manifest.lock";
			outputPaths = (
			);
			runOnlyForDeploymentPostprocessing = 0;
			shellPath = /bin/sh;
			shellScript = "diff \"${PODS_ROOT}/../Podfile.lock\" \"${PODS_ROOT}/Manifest.lock\" > /dev/null\nif [[ $? != 0 ]] ; then\n    cat << EOM\nerror: The sandbox is not in sync with the Podfile.lock. Run 'pod install' or update your CocoaPods installation.\nEOM\n    exit 1\nfi\n";
			showEnvVarsInLog = 0;
		};
/* End PBXShellScriptBuildPhase section */

/* Begin PBXSourcesBuildPhase section */
		CDAACA651610E55A006E4808 /* Sources */ = {
			isa = PBXSourcesBuildPhase;
			buildActionMask = 2147483647;
			files = (
				CDAACAA31610E5D9006E4808 /* TWTAPIManager.m in Sources */,
				CDAACAA51610E5D9006E4808 /* TWTAppDelegate.m in Sources */,
				CDAACAA71610E5D9006E4808 /* TWTSignedRequest.m in Sources */,
				CDAACAA91610E5D9006E4808 /* TWTViewController.m in Sources */,
				CDAACAAA1610E5D9006E4808 /* main.m in Sources */,
			);
			runOnlyForDeploymentPostprocessing = 0;
		};
/* End PBXSourcesBuildPhase section */

/* Begin PBXVariantGroup section */
		CD40A2071610E3060051AE3D /* InfoPlist.strings */ = {
			isa = PBXVariantGroup;
			children = (
				CD40A2081610E3060051AE3D /* en */,
			);
			name = InfoPlist.strings;
			sourceTree = "<group>";
		};
/* End PBXVariantGroup section */

/* Begin XCBuildConfiguration section */
		CDAACA9D1610E55A006E4808 /* Debug */ = {
			isa = XCBuildConfiguration;
			baseConfigurationReference = B8D9DD4CC0B532E697A51B7C /* Pods-ReverseAuth.debug.xcconfig */;
			buildSettings = {
				ASSETCATALOG_COMPILER_APPICON_NAME = AppIcon;
				ASSETCATALOG_COMPILER_LAUNCHIMAGE_NAME = LaunchImage;
				CLANG_CXX_LANGUAGE_STANDARD = "gnu++0x";
				CLANG_CXX_LIBRARY = "libc++";
				CLANG_ENABLE_MODULES = YES;
				CLANG_WARN_EMPTY_BODY = YES;
				CLANG_WARN__DUPLICATE_METHOD_MATCH = YES;
				CODE_SIGN_IDENTITY = "iPhone Developer";
				"CODE_SIGN_IDENTITY[sdk=iphoneos*]" = "iPhone Developer";
				GCC_PRECOMPILE_PREFIX_HEADER = YES;
				GCC_PREFIX_HEADER = "Source/Other/ReverseAuthExample-Prefix.pch";
				GCC_WARN_UNINITIALIZED_AUTOS = YES;
				INFOPLIST_FILE = "Source/Other/ReverseAuthExample-Info.plist";
				IPHONEOS_DEPLOYMENT_TARGET = 8.0;
				PRODUCT_BUNDLE_IDENTIFIER = "com.twitter.ios.${PRODUCT_NAME:rfc1034identifier}";
				PRODUCT_NAME = "$(TARGET_NAME)";
				PROVISIONING_PROFILE = "";
				WRAPPER_EXTENSION = app;
			};
			name = Debug;
		};
		CDAACA9E1610E55A006E4808 /* Release */ = {
			isa = XCBuildConfiguration;
			baseConfigurationReference = 59AFDC2415CE3DDC5722C617 /* Pods-ReverseAuth.release.xcconfig */;
			buildSettings = {
				ASSETCATALOG_COMPILER_APPICON_NAME = AppIcon;
				ASSETCATALOG_COMPILER_LAUNCHIMAGE_NAME = LaunchImage;
				CLANG_CXX_LANGUAGE_STANDARD = "gnu++0x";
				CLANG_CXX_LIBRARY = "libc++";
				CLANG_ENABLE_MODULES = YES;
				CLANG_WARN_EMPTY_BODY = YES;
				CLANG_WARN__DUPLICATE_METHOD_MATCH = YES;
				CODE_SIGN_IDENTITY = "iPhone Developer";
				"CODE_SIGN_IDENTITY[sdk=iphoneos*]" = "iPhone Developer";
				GCC_PRECOMPILE_PREFIX_HEADER = YES;
				GCC_PREFIX_HEADER = "Source/Other/ReverseAuthExample-Prefix.pch";
				GCC_WARN_UNINITIALIZED_AUTOS = YES;
				INFOPLIST_FILE = "Source/Other/ReverseAuthExample-Info.plist";
				IPHONEOS_DEPLOYMENT_TARGET = 8.0;
				PRODUCT_BUNDLE_IDENTIFIER = "com.twitter.ios.${PRODUCT_NAME:rfc1034identifier}";
				PRODUCT_NAME = "$(TARGET_NAME)";
				PROVISIONING_PROFILE = "";
				WRAPPER_EXTENSION = app;
			};
			name = Release;
		};
		CDF3798D142291940071ABF7 /* Debug */ = {
			isa = XCBuildConfiguration;
			buildSettings = {
				CLANG_ENABLE_MODULES = YES;
				CLANG_ENABLE_OBJC_ARC = YES;
				CLANG_WARN_BOOL_CONVERSION = YES;
				CLANG_WARN_CONSTANT_CONVERSION = YES;
				CLANG_WARN_EMPTY_BODY = YES;
				CLANG_WARN_ENUM_CONVERSION = YES;
				CLANG_WARN_INT_CONVERSION = YES;
				CLANG_WARN_UNREACHABLE_CODE = YES;
				CLANG_WARN__DUPLICATE_METHOD_MATCH = YES;
				"CODE_SIGN_IDENTITY[sdk=iphoneos*]" = "iPhone Developer";
				COPY_PHASE_STRIP = NO;
				ENABLE_STRICT_OBJC_MSGSEND = YES;
				ENABLE_TESTABILITY = YES;
				GCC_NO_COMMON_BLOCKS = YES;
				GCC_PREPROCESSOR_DEFINITIONS = (
					"DEBUG=1",
					"$(inherited)",
				);
				GCC_VERSION = com.apple.compilers.llvm.clang.1_0;
				GCC_WARN_64_TO_32_BIT_CONVERSION = YES;
				GCC_WARN_ABOUT_RETURN_TYPE = YES;
				GCC_WARN_PEDANTIC = NO;
				GCC_WARN_UNDECLARED_SELECTOR = YES;
				GCC_WARN_UNINITIALIZED_AUTOS = YES;
				GCC_WARN_UNUSED_FUNCTION = YES;
				GCC_WARN_UNUSED_VARIABLE = YES;
				IPHONEOS_DEPLOYMENT_TARGET = 9.0;
				ONLY_ACTIVE_ARCH = YES;
				OTHER_CFLAGS = "";
				SDKROOT = iphoneos;
				VALIDATE_PRODUCT = NO;
			};
			name = Debug;
		};
		CDF3798E142291940071ABF7 /* Release */ = {
			isa = XCBuildConfiguration;
			buildSettings = {
				CLANG_ENABLE_MODULES = YES;
				CLANG_ENABLE_OBJC_ARC = YES;
				CLANG_WARN_BOOL_CONVERSION = YES;
				CLANG_WARN_CONSTANT_CONVERSION = YES;
				CLANG_WARN_EMPTY_BODY = YES;
				CLANG_WARN_ENUM_CONVERSION = YES;
				CLANG_WARN_INT_CONVERSION = YES;
				CLANG_WARN_UNREACHABLE_CODE = YES;
				CLANG_WARN__DUPLICATE_METHOD_MATCH = YES;
				"CODE_SIGN_IDENTITY[sdk=iphoneos*]" = "iPhone Developer";
				COPY_PHASE_STRIP = YES;
				ENABLE_STRICT_OBJC_MSGSEND = YES;
				GCC_NO_COMMON_BLOCKS = YES;
				GCC_VERSION = com.apple.compilers.llvm.clang.1_0;
				GCC_WARN_64_TO_32_BIT_CONVERSION = YES;
				GCC_WARN_ABOUT_RETURN_TYPE = YES;
				GCC_WARN_PEDANTIC = NO;
				GCC_WARN_UNDECLARED_SELECTOR = YES;
				GCC_WARN_UNINITIALIZED_AUTOS = YES;
				GCC_WARN_UNUSED_FUNCTION = YES;
				GCC_WARN_UNUSED_VARIABLE = YES;
				IPHONEOS_DEPLOYMENT_TARGET = 9.0;
				OTHER_CFLAGS = "-DNS_BLOCK_ASSERTIONS=1";
				SDKROOT = iphoneos;
				VALIDATE_PRODUCT = NO;
			};
			name = Release;
		};
/* End XCBuildConfiguration section */

/* Begin XCConfigurationList section */
		CDAACA9C1610E55A006E4808 /* Build configuration list for PBXNativeTarget "ReverseAuth" */ = {
			isa = XCConfigurationList;
			buildConfigurations = (
				CDAACA9D1610E55A006E4808 /* Debug */,
				CDAACA9E1610E55A006E4808 /* Release */,
			);
			defaultConfigurationIsVisible = 0;
			defaultConfigurationName = Release;
		};
		CDF37956142291940071ABF7 /* Build configuration list for PBXProject "ReverseAuthExample" */ = {
			isa = XCConfigurationList;
			buildConfigurations = (
				CDF3798D142291940071ABF7 /* Debug */,
				CDF3798E142291940071ABF7 /* Release */,
			);
			defaultConfigurationIsVisible = 0;
			defaultConfigurationName = Release;
		};
/* End XCConfigurationList section */
	};
	rootObject = CDF37953142291940071ABF7 /* Project object */;
}
